
Microsoft Visual Studio Solution File, Format Version 12.00
# Visual Studio Version 17
VisualStudioVersion = 17.14.36414.22 d17.14
MinimumVisualStudioVersion = 10.0.40219.1
Project("{FAE04EC0-301F-11D3-BF4B-00C04F79EFBC}") = "c#_advanced_assignment5", "c#_advanced_assignment5\c#_advanced_assignment5.csproj", "{334BEBAE-30E1-4CD8-8BCA-8E3CF2328F2E}"
EndProject
Global
	GlobalSection(SolutionConfigurationPlatforms) = preSolution
		Debug|Any CPU = Debug|Any CPU
		Release|Any CPU = Release|Any CPU
	EndGlobalSection
	GlobalSection(ProjectConfigurationPlatforms) = postSolution
		{334BEBAE-30E1-4CD8-8BCA-8E3CF2328F2E}.Debug|Any CPU.ActiveCfg = Debug|Any CPU
		{334BEBAE-30E1-4CD8-8BCA-8E3CF2328F2E}.Debug|Any CPU.Build.0 = Debug|Any CPU
		{334BEBAE-30E1-4CD8-8BCA-8E3CF2328F2E}.Release|Any CPU.ActiveCfg = Release|Any CPU
		{334BEBAE-30E1-4CD8-8BCA-8E3CF2328F2E}.Release|Any CPU.Build.0 = Release|Any CPU
	EndGlobalSection
	GlobalSection(SolutionProperties) = preSolution
		HideSolutionNode = FALSE
	EndGlobalSection
	GlobalSection(ExtensibilityGlobals) = postSolution
		SolutionGuid = {DEBB4326-FA9C-4CD9-9F7D-CA3FF6C56368}
	EndGlobalSection
EndGlobal
