
Microsoft Visual Studio Solution File, Format Version 12.00
# Visual Studio Version 17
VisualStudioVersion = 17.14.36221.1 d17.14
MinimumVisualStudioVersion = 10.0.40219.1
Project("{FAE04EC0-301F-11D3-BF4B-00C04F79EFBC}") = "C#_assigment1", "C#_assigment1\C#_assigment1.csproj", "{CBFCD3AE-FD97-4AB8-9EEF-2D03F7E7034D}"
EndProject
Global
	GlobalSection(SolutionConfigurationPlatforms) = preSolution
		Debug|Any CPU = Debug|Any CPU
		Release|Any CPU = Release|Any CPU
	EndGlobalSection
	GlobalSection(ProjectConfigurationPlatforms) = postSolution
		{CBFCD3AE-FD97-4AB8-9EEF-2D03F7E7034D}.Debug|Any CPU.ActiveCfg = Debug|Any CPU
		{CBFCD3AE-FD97-4AB8-9EEF-2D03F7E7034D}.Debug|Any CPU.Build.0 = Debug|Any CPU
		{CBFCD3AE-FD97-4AB8-9EEF-2D03F7E7034D}.Release|Any CPU.ActiveCfg = Release|Any CPU
		{CBFCD3AE-FD97-4AB8-9EEF-2D03F7E7034D}.Release|Any CPU.Build.0 = Release|Any CPU
	EndGlobalSection
	GlobalSection(SolutionProperties) = preSolution
		HideSolutionNode = FALSE
	EndGlobalSection
	GlobalSection(ExtensibilityGlobals) = postSolution
		SolutionGuid = {33F8EC19-8BC4-4DEA-9CCC-99770905A818}
	EndGlobalSection
EndGlobal
