
Microsoft Visual Studio Solution File, Format Version 12.00
# Visual Studio Version 17
VisualStudioVersion = 17.14.36221.1 d17.14
MinimumVisualStudioVersion = 10.0.40219.1
Project("{FAE04EC0-301F-11D3-BF4B-00C04F79EFBC}") = "c#_oop_exam2", "c#_oop_exam2\c#_oop_exam2.csproj", "{2A165197-2A18-474A-B24C-B86E84F81EFC}"
EndProject
Global
	GlobalSection(SolutionConfigurationPlatforms) = preSolution
		Debug|Any CPU = Debug|Any CPU
		Release|Any CPU = Release|Any CPU
	EndGlobalSection
	GlobalSection(ProjectConfigurationPlatforms) = postSolution
		{2A165197-2A18-474A-B24C-B86E84F81EFC}.Debug|Any CPU.ActiveCfg = Debug|Any CPU
		{2A165197-2A18-474A-B24C-B86E84F81EFC}.Debug|Any CPU.Build.0 = Debug|Any CPU
		{2A165197-2A18-474A-B24C-B86E84F81EFC}.Release|Any CPU.ActiveCfg = Release|Any CPU
		{2A165197-2A18-474A-B24C-B86E84F81EFC}.Release|Any CPU.Build.0 = Release|Any CPU
	EndGlobalSection
	GlobalSection(SolutionProperties) = preSolution
		HideSolutionNode = FALSE
	EndGlobalSection
	GlobalSection(ExtensibilityGlobals) = postSolution
		SolutionGuid = {5858E655-7B53-4AE7-87A6-909CFE92CCC0}
	EndGlobalSection
EndGlobal
