
Microsoft Visual Studio Solution File, Format Version 12.00
# Visual Studio Version 17
VisualStudioVersion = 17.14.36221.1 d17.14
MinimumVisualStudioVersion = 10.0.40219.1
Project("{FAE04EC0-301F-11D3-BF4B-00C04F79EFBC}") = "c#_oop_assignment4", "c#_oop_assignment4\c#_oop_assignment4.csproj", "{12361C06-F957-4EDE-BB06-B2B935C8A32B}"
EndProject
Global
	GlobalSection(SolutionConfigurationPlatforms) = preSolution
		Debug|Any CPU = Debug|Any CPU
		Release|Any CPU = Release|Any CPU
	EndGlobalSection
	GlobalSection(ProjectConfigurationPlatforms) = postSolution
		{12361C06-F957-4EDE-BB06-B2B935C8A32B}.Debug|Any CPU.ActiveCfg = Debug|Any CPU
		{12361C06-F957-4EDE-BB06-B2B935C8A32B}.Debug|Any CPU.Build.0 = Debug|Any CPU
		{12361C06-F957-4EDE-BB06-B2B935C8A32B}.Release|Any CPU.ActiveCfg = Release|Any CPU
		{12361C06-F957-4EDE-BB06-B2B935C8A32B}.Release|Any CPU.Build.0 = Release|Any CPU
	EndGlobalSection
	GlobalSection(SolutionProperties) = preSolution
		HideSolutionNode = FALSE
	EndGlobalSection
	GlobalSection(ExtensibilityGlobals) = postSolution
		SolutionGuid = {926ECD7F-06F1-4B3A-A48A-F2DE04BA1981}
	EndGlobalSection
EndGlobal
