
Microsoft Visual Studio Solution File, Format Version 12.00
# Visual Studio Version 17
VisualStudioVersion = 17.14.36518.9 d17.14
MinimumVisualStudioVersion = 10.0.40219.1
Project("{FAE04EC0-301F-11D3-BF4B-00C04F79EFBC}") = "EntityFramework_assignment-4", "EntityFramework_assignment-4\EntityFramework_assignment-4.csproj", "{1233FDFA-2CBC-477A-8A83-CFFC80D538B8}"
EndProject
Global
	GlobalSection(SolutionConfigurationPlatforms) = preSolution
		Debug|Any CPU = Debug|Any CPU
		Release|Any CPU = Release|Any CPU
	EndGlobalSection
	GlobalSection(ProjectConfigurationPlatforms) = postSolution
		{1233FDFA-2CBC-477A-8A83-CFFC80D538B8}.Debug|Any CPU.ActiveCfg = Debug|Any CPU
		{1233FDFA-2CBC-477A-8A83-CFFC80D538B8}.Debug|Any CPU.Build.0 = Debug|Any CPU
		{1233FDFA-2CBC-477A-8A83-CFFC80D538B8}.Release|Any CPU.ActiveCfg = Release|Any CPU
		{1233FDFA-2CBC-477A-8A83-CFFC80D538B8}.Release|Any CPU.Build.0 = Release|Any CPU
	EndGlobalSection
	GlobalSection(SolutionProperties) = preSolution
		HideSolutionNode = FALSE
	EndGlobalSection
	GlobalSection(ExtensibilityGlobals) = postSolution
		SolutionGuid = {F2899A25-D48E-4406-BBD7-7D354A3A4FD4}
	EndGlobalSection
EndGlobal
