
Microsoft Visual Studio Solution File, Format Version 12.00
# Visual Studio Version 17
VisualStudioVersion = 17.14.36221.1 d17.14
MinimumVisualStudioVersion = 10.0.40219.1
Project("{FAE04EC0-301F-11D3-BF4B-00C04F79EFBC}") = "c#_advanced_assignment1", "c#_advanced_assignment1\c#_advanced_assignment1.csproj", "{A07E8296-7F7B-4B84-B748-1D7114DD83D5}"
EndProject
Global
	GlobalSection(SolutionConfigurationPlatforms) = preSolution
		Debug|Any CPU = Debug|Any CPU
		Release|Any CPU = Release|Any CPU
	EndGlobalSection
	GlobalSection(ProjectConfigurationPlatforms) = postSolution
		{A07E8296-7F7B-4B84-B748-1D7114DD83D5}.Debug|Any CPU.ActiveCfg = Debug|Any CPU
		{A07E8296-7F7B-4B84-B748-1D7114DD83D5}.Debug|Any CPU.Build.0 = Debug|Any CPU
		{A07E8296-7F7B-4B84-B748-1D7114DD83D5}.Release|Any CPU.ActiveCfg = Release|Any CPU
		{A07E8296-7F7B-4B84-B748-1D7114DD83D5}.Release|Any CPU.Build.0 = Release|Any CPU
	EndGlobalSection
	GlobalSection(SolutionProperties) = preSolution
		HideSolutionNode = FALSE
	EndGlobalSection
	GlobalSection(ExtensibilityGlobals) = postSolution
		SolutionGuid = {83A88A8F-F06B-4351-A683-EB8C78074A32}
	EndGlobalSection
EndGlobal
